
Microsoft Visual Studio Solution File, Format Version 12.00
# Visual Studio Version 16
VisualStudioVersion = 16.0.30428.66
MinimumVisualStudioVersion = 10.0.40219.1
Project("{2150E333-8FDC-42A3-9474-1A3956D46DE8}") = "Solution Items", "Solution Items", "{91FCB9B7-A851-491C-AD79-DD5E87B9469E}"
	ProjectSection(SolutionItems) = preProject
		global.json = global.json
	EndProjectSection
EndProject
Project("{9A19103F-16F7-4668-BE54-9A1E7A4F7556}") = "WinFormsIslandsDemo", "WinFormsIslandsDemo\WinFormsIslandsDemo.csproj", "{6310D195-284C-48F5-A2AF-B8F1235E1C69}"
EndProject
Project("{9A19103F-16F7-4668-BE54-9A1E7A4F7556}") = "UwpControlLibrary", "UwpControlLibrary\UwpControlLibrary.csproj", "{C937FD1F-9DF6-40C5-AEAC-44A14EBA4B3D}"
EndProject
Project("{FAE04EC0-301F-11D3-BF4B-00C04F79EFBC}") = "UwpXamlIslandHostApp", "UwpXamlIslandHostApp\UwpXamlIslandHostApp.csproj", "{BCB6C85A-DC88-40F3-A374-836F8774018D}"
EndProject
Project("{9A19103F-16F7-4668-BE54-9A1E7A4F7556}") = "WPFIslandsDemo", "WPFIslandsDemo\WPFIslandsDemo.csproj", "{2DD75353-7764-4527-8EDA-6084D930C48D}"
EndProject
Global
	GlobalSection(SolutionConfigurationPlatforms) = preSolution
		Debug|Any CPU = Debug|Any CPU
		Debug|ARM = Debug|ARM
		Debug|ARM64 = Debug|ARM64
		Debug|x64 = Debug|x64
		Debug|x86 = Debug|x86
		Release|Any CPU = Release|Any CPU
		Release|ARM = Release|ARM
		Release|ARM64 = Release|ARM64
		Release|x64 = Release|x64
		Release|x86 = Release|x86
	EndGlobalSection
	GlobalSection(ProjectConfigurationPlatforms) = postSolution
		{6310D195-284C-48F5-A2AF-B8F1235E1C69}.Debug|Any CPU.ActiveCfg = Debug|x86
		{6310D195-284C-48F5-A2AF-B8F1235E1C69}.Debug|Any CPU.Build.0 = Debug|x86
		{6310D195-284C-48F5-A2AF-B8F1235E1C69}.Debug|ARM.ActiveCfg = Debug|Any CPU
		{6310D195-284C-48F5-A2AF-B8F1235E1C69}.Debug|ARM.Build.0 = Debug|Any CPU
		{6310D195-284C-48F5-A2AF-B8F1235E1C69}.Debug|ARM64.ActiveCfg = Debug|Any CPU
		{6310D195-284C-48F5-A2AF-B8F1235E1C69}.Debug|ARM64.Build.0 = Debug|Any CPU
		{6310D195-284C-48F5-A2AF-B8F1235E1C69}.Debug|x64.ActiveCfg = Debug|Any CPU
		{6310D195-284C-48F5-A2AF-B8F1235E1C69}.Debug|x64.Build.0 = Debug|Any CPU
		{6310D195-284C-48F5-A2AF-B8F1235E1C69}.Debug|x86.ActiveCfg = Debug|Any CPU
		{6310D195-284C-48F5-A2AF-B8F1235E1C69}.Debug|x86.Build.0 = Debug|Any CPU
		{6310D195-284C-48F5-A2AF-B8F1235E1C69}.Release|Any CPU.ActiveCfg = Release|Any CPU
		{6310D195-284C-48F5-A2AF-B8F1235E1C69}.Release|Any CPU.Build.0 = Release|Any CPU
		{6310D195-284C-48F5-A2AF-B8F1235E1C69}.Release|ARM.ActiveCfg = Release|Any CPU
		{6310D195-284C-48F5-A2AF-B8F1235E1C69}.Release|ARM.Build.0 = Release|Any CPU
		{6310D195-284C-48F5-A2AF-B8F1235E1C69}.Release|ARM64.ActiveCfg = Release|Any CPU
		{6310D195-284C-48F5-A2AF-B8F1235E1C69}.Release|ARM64.Build.0 = Release|Any CPU
		{6310D195-284C-48F5-A2AF-B8F1235E1C69}.Release|x64.ActiveCfg = Release|Any CPU
		{6310D195-284C-48F5-A2AF-B8F1235E1C69}.Release|x64.Build.0 = Release|Any CPU
		{6310D195-284C-48F5-A2AF-B8F1235E1C69}.Release|x86.ActiveCfg = Release|Any CPU
		{6310D195-284C-48F5-A2AF-B8F1235E1C69}.Release|x86.Build.0 = Release|Any CPU
		{C937FD1F-9DF6-40C5-AEAC-44A14EBA4B3D}.Debug|Any CPU.ActiveCfg = Debug|x86
		{C937FD1F-9DF6-40C5-AEAC-44A14EBA4B3D}.Debug|Any CPU.Build.0 = Debug|x86
		{C937FD1F-9DF6-40C5-AEAC-44A14EBA4B3D}.Debug|ARM.ActiveCfg = Debug|Any CPU
		{C937FD1F-9DF6-40C5-AEAC-44A14EBA4B3D}.Debug|ARM.Build.0 = Debug|Any CPU
		{C937FD1F-9DF6-40C5-AEAC-44A14EBA4B3D}.Debug|ARM64.ActiveCfg = Debug|Any CPU
		{C937FD1F-9DF6-40C5-AEAC-44A14EBA4B3D}.Debug|ARM64.Build.0 = Debug|Any CPU
		{C937FD1F-9DF6-40C5-AEAC-44A14EBA4B3D}.Debug|x64.ActiveCfg = Debug|Any CPU
		{C937FD1F-9DF6-40C5-AEAC-44A14EBA4B3D}.Debug|x64.Build.0 = Debug|Any CPU
		{C937FD1F-9DF6-40C5-AEAC-44A14EBA4B3D}.Debug|x86.ActiveCfg = Debug|Any CPU
		{C937FD1F-9DF6-40C5-AEAC-44A14EBA4B3D}.Debug|x86.Build.0 = Debug|Any CPU
		{C937FD1F-9DF6-40C5-AEAC-44A14EBA4B3D}.Release|Any CPU.ActiveCfg = Release|Any CPU
		{C937FD1F-9DF6-40C5-AEAC-44A14EBA4B3D}.Release|Any CPU.Build.0 = Release|Any CPU
		{C937FD1F-9DF6-40C5-AEAC-44A14EBA4B3D}.Release|ARM.ActiveCfg = Release|Any CPU
		{C937FD1F-9DF6-40C5-AEAC-44A14EBA4B3D}.Release|ARM.Build.0 = Release|Any CPU
		{C937FD1F-9DF6-40C5-AEAC-44A14EBA4B3D}.Release|ARM64.ActiveCfg = Release|Any CPU
		{C937FD1F-9DF6-40C5-AEAC-44A14EBA4B3D}.Release|ARM64.Build.0 = Release|Any CPU
		{C937FD1F-9DF6-40C5-AEAC-44A14EBA4B3D}.Release|x64.ActiveCfg = Release|Any CPU
		{C937FD1F-9DF6-40C5-AEAC-44A14EBA4B3D}.Release|x64.Build.0 = Release|Any CPU
		{C937FD1F-9DF6-40C5-AEAC-44A14EBA4B3D}.Release|x86.ActiveCfg = Release|Any CPU
		{C937FD1F-9DF6-40C5-AEAC-44A14EBA4B3D}.Release|x86.Build.0 = Release|Any CPU
		{BCB6C85A-DC88-40F3-A374-836F8774018D}.Debug|Any CPU.ActiveCfg = Debug|x86
		{BCB6C85A-DC88-40F3-A374-836F8774018D}.Debug|Any CPU.Build.0 = Debug|x86
		{BCB6C85A-DC88-40F3-A374-836F8774018D}.Debug|ARM.ActiveCfg = Debug|ARM
		{BCB6C85A-DC88-40F3-A374-836F8774018D}.Debug|ARM.Build.0 = Debug|ARM
		{BCB6C85A-DC88-40F3-A374-836F8774018D}.Debug|ARM.Deploy.0 = Debug|ARM
		{BCB6C85A-DC88-40F3-A374-836F8774018D}.Debug|ARM64.ActiveCfg = Debug|ARM64
		{BCB6C85A-DC88-40F3-A374-836F8774018D}.Debug|ARM64.Build.0 = Debug|ARM64
		{BCB6C85A-DC88-40F3-A374-836F8774018D}.Debug|ARM64.Deploy.0 = Debug|ARM64
		{BCB6C85A-DC88-40F3-A374-836F8774018D}.Debug|x64.ActiveCfg = Debug|x64
		{BCB6C85A-DC88-40F3-A374-836F8774018D}.Debug|x64.Build.0 = Debug|x64
		{BCB6C85A-DC88-40F3-A374-836F8774018D}.Debug|x64.Deploy.0 = Debug|x64
		{BCB6C85A-DC88-40F3-A374-836F8774018D}.Debug|x86.ActiveCfg = Debug|x86
		{BCB6C85A-DC88-40F3-A374-836F8774018D}.Debug|x86.Build.0 = Debug|x86
		{BCB6C85A-DC88-40F3-A374-836F8774018D}.Debug|x86.Deploy.0 = Debug|x86
		{BCB6C85A-DC88-40F3-A374-836F8774018D}.Release|Any CPU.ActiveCfg = Release|x86
		{BCB6C85A-DC88-40F3-A374-836F8774018D}.Release|ARM.ActiveCfg = Release|ARM
		{BCB6C85A-DC88-40F3-A374-836F8774018D}.Release|ARM.Build.0 = Release|ARM
		{BCB6C85A-DC88-40F3-A374-836F8774018D}.Release|ARM.Deploy.0 = Release|ARM
		{BCB6C85A-DC88-40F3-A374-836F8774018D}.Release|ARM64.ActiveCfg = Release|ARM64
		{BCB6C85A-DC88-40F3-A374-836F8774018D}.Release|ARM64.Build.0 = Release|ARM64
		{BCB6C85A-DC88-40F3-A374-836F8774018D}.Release|ARM64.Deploy.0 = Release|ARM64
		{BCB6C85A-DC88-40F3-A374-836F8774018D}.Release|x64.ActiveCfg = Release|x64
		{BCB6C85A-DC88-40F3-A374-836F8774018D}.Release|x64.Build.0 = Release|x64
		{BCB6C85A-DC88-40F3-A374-836F8774018D}.Release|x64.Deploy.0 = Release|x64
		{BCB6C85A-DC88-40F3-A374-836F8774018D}.Release|x86.ActiveCfg = Release|x86
		{BCB6C85A-DC88-40F3-A374-836F8774018D}.Release|x86.Build.0 = Release|x86
		{BCB6C85A-DC88-40F3-A374-836F8774018D}.Release|x86.Deploy.0 = Release|x86
		{2DD75353-7764-4527-8EDA-6084D930C48D}.Debug|Any CPU.ActiveCfg = Debug|x86
		{2DD75353-7764-4527-8EDA-6084D930C48D}.Debug|Any CPU.Build.0 = Debug|x86
		{2DD75353-7764-4527-8EDA-6084D930C48D}.Debug|ARM.ActiveCfg = Debug|Any CPU
		{2DD75353-7764-4527-8EDA-6084D930C48D}.Debug|ARM.Build.0 = Debug|Any CPU
		{2DD75353-7764-4527-8EDA-6084D930C48D}.Debug|ARM64.ActiveCfg = Debug|Any CPU
		{2DD75353-7764-4527-8EDA-6084D930C48D}.Debug|ARM64.Build.0 = Debug|Any CPU
		{2DD75353-7764-4527-8EDA-6084D930C48D}.Debug|x64.ActiveCfg = Debug|Any CPU
		{2DD75353-7764-4527-8EDA-6084D930C48D}.Debug|x64.Build.0 = Debug|Any CPU
		{2DD75353-7764-4527-8EDA-6084D930C48D}.Debug|x86.ActiveCfg = Debug|x86
		{2DD75353-7764-4527-8EDA-6084D930C48D}.Debug|x86.Build.0 = Debug|x86
		{2DD75353-7764-4527-8EDA-6084D930C48D}.Release|Any CPU.ActiveCfg = Release|Any CPU
		{2DD75353-7764-4527-8EDA-6084D930C48D}.Release|Any CPU.Build.0 = Release|Any CPU
		{2DD75353-7764-4527-8EDA-6084D930C48D}.Release|ARM.ActiveCfg = Release|Any CPU
		{2DD75353-7764-4527-8EDA-6084D930C48D}.Release|ARM.Build.0 = Release|Any CPU
		{2DD75353-7764-4527-8EDA-6084D930C48D}.Release|ARM64.ActiveCfg = Release|Any CPU
		{2DD75353-7764-4527-8EDA-6084D930C48D}.Release|ARM64.Build.0 = Release|Any CPU
		{2DD75353-7764-4527-8EDA-6084D930C48D}.Release|x64.ActiveCfg = Release|Any CPU
		{2DD75353-7764-4527-8EDA-6084D930C48D}.Release|x64.Build.0 = Release|Any CPU
		{2DD75353-7764-4527-8EDA-6084D930C48D}.Release|x86.ActiveCfg = Release|x86
		{2DD75353-7764-4527-8EDA-6084D930C48D}.Release|x86.Build.0 = Release|x86
	EndGlobalSection
	GlobalSection(SolutionProperties) = preSolution
		HideSolutionNode = FALSE
	EndGlobalSection
	GlobalSection(ExtensibilityGlobals) = postSolution
		SolutionGuid = {DCFD8618-C14C-4977-9C28-2F88080779A8}
	EndGlobalSection
EndGlobal
